
Microsoft Visual Studio Solution File, Format Version 12.00
# Visual Studio Version 16
VisualStudioVersion = 16.0.32510.428
MinimumVisualStudioVersion = 10.0.40219.1
Project("{FAE04EC0-301F-11D3-BF4B-00C04F79EFBC}") = "INV_SYS", "INV_SYS\INV_SYS.csproj", "{6E4EB44A-AF0A-4748-9604-5B4B373286FB}"
EndProject
Global
	GlobalSection(SolutionConfigurationPlatforms) = preSolution
		Debug|Any CPU = Debug|Any CPU
		Release|Any CPU = Release|Any CPU
	EndGlobalSection
	GlobalSection(ProjectConfigurationPlatforms) = postSolution
		{6E4EB44A-AF0A-4748-9604-5B4B373286FB}.Debug|Any CPU.ActiveCfg = Debug|Any CPU
		{6E4EB44A-AF0A-4748-9604-5B4B373286FB}.Debug|Any CPU.Build.0 = Debug|Any CPU
		{6E4EB44A-AF0A-4748-9604-5B4B373286FB}.Release|Any CPU.ActiveCfg = Release|Any CPU
		{6E4EB44A-AF0A-4748-9604-5B4B373286FB}.Release|Any CPU.Build.0 = Release|Any CPU
	EndGlobalSection
	GlobalSection(SolutionProperties) = preSolution
		HideSolutionNode = FALSE
	EndGlobalSection
	GlobalSection(ExtensibilityGlobals) = postSolution
		SolutionGuid = {D4BEF2FF-9BA5-4696-B9E1-56DFFE94F54A}
	EndGlobalSection
EndGlobal
